
Microsoft Visual Studio Solution File, Format Version 12.00
# Visual Studio Version 16
VisualStudioVersion = 16.0.30523.141
MinimumVisualStudioVersion = 10.0.40219.1
Project("{FAE04EC0-301F-11D3-BF4B-00C04F79EFBC}") = "ConfigureEFDbContext", "ConfigureEFDbContext\ConfigureEFDbContext.csproj", "{4E8D297E-600E-4937-8DFA-AB944B5AE285}"
EndProject
Project("{FAE04EC0-301F-11D3-BF4B-00C04F79EFBC}") = "ConfigureEFDbContext.MSUnitTest", "ConfigureEFDbContext.MSUnitTest\ConfigureEFDbContext.MSUnitTest.csproj", "{913B85AF-F7AB-4DD2-B16E-DF5901CE7629}"
EndProject
Global
	GlobalSection(SolutionConfigurationPlatforms) = preSolution
		Debug|Any CPU = Debug|Any CPU
		Release|Any CPU = Release|Any CPU
	EndGlobalSection
	GlobalSection(ProjectConfigurationPlatforms) = postSolution
		{4E8D297E-600E-4937-8DFA-AB944B5AE285}.Debug|Any CPU.ActiveCfg = Debug|Any CPU
		{4E8D297E-600E-4937-8DFA-AB944B5AE285}.Debug|Any CPU.Build.0 = Debug|Any CPU
		{4E8D297E-600E-4937-8DFA-AB944B5AE285}.Release|Any CPU.ActiveCfg = Release|Any CPU
		{4E8D297E-600E-4937-8DFA-AB944B5AE285}.Release|Any CPU.Build.0 = Release|Any CPU
		{913B85AF-F7AB-4DD2-B16E-DF5901CE7629}.Debug|Any CPU.ActiveCfg = Debug|Any CPU
		{913B85AF-F7AB-4DD2-B16E-DF5901CE7629}.Debug|Any CPU.Build.0 = Debug|Any CPU
		{913B85AF-F7AB-4DD2-B16E-DF5901CE7629}.Release|Any CPU.ActiveCfg = Release|Any CPU
		{913B85AF-F7AB-4DD2-B16E-DF5901CE7629}.Release|Any CPU.Build.0 = Release|Any CPU
	EndGlobalSection
	GlobalSection(SolutionProperties) = preSolution
		HideSolutionNode = FALSE
	EndGlobalSection
	GlobalSection(ExtensibilityGlobals) = postSolution
		SolutionGuid = {288027B3-CC0E-4E38-BBA4-3D92FC104B46}
	EndGlobalSection
EndGlobal
